// !$*UTF8*$!
{
	archiveVersion = 1;
	classes = {
	};
	objectVersion = 50;
	objects = {

/* Begin PBXBuildFile section */
		27B64F382162BA5A00B93D8D /* AppDelegate.swift in Sources */ = {isa = PBXBuildFile; fileRef = 27B64F372162BA5A00B93D8D /* AppDelegate.swift */; };
		27B64F3A2162BA5B00B93D8D /* ViewController.swift in Sources */ = {isa = PBXBuildFile; fileRef = 27B64F392162BA5B00B93D8D /* ViewController.swift */; };
		27B64F3D2162BA5B00B93D8D /* Main.storyboard in Resources */ = {isa = PBXBuildFile; fileRef = 27B64F3B2162BA5B00B93D8D /* Main.storyboard */; };
		27B64F3F2162BA5C00B93D8D /* Assets.xcassets in Resources */ = {isa = PBXBuildFile; fileRef = 27B64F3E2162BA5C00B93D8D /* Assets.xcassets */; };
		27B64F422162BA5C00B93D8D /* LaunchScreen.storyboard in Resources */ = {isa = PBXBuildFile; fileRef = 27B64F402162BA5C00B93D8D /* LaunchScreen.storyboard */; };
/* End PBXBuildFile section */

/* Begin PBXFileReference section */
		27B64F342162BA5A00B93D8D /* Sprint1-Module1-Collection.app */ = {isa = PBXFileReference; explicitFileType = wrapper.application; includeInIndex = 0; path = "Sprint1-Module1-Collection.app"; sourceTree = BUILT_PRODUCTS_DIR; };
		27B64F372162BA5A00B93D8D /* AppDelegate.swift */ = {isa = PBXFileReference; lastKnownFileType = sourcecode.swift; path = AppDelegate.swift; sourceTree = "<group>"; };
		27B64F392162BA5B00B93D8D /* ViewController.swift */ = {isa = PBXFileReference; lastKnownFileType = sourcecode.swift; path = ViewController.swift; sourceTree = "<group>"; };
		27B64F3C2162BA5B00B93D8D /* Base */ = {isa = PBXFileReference; lastKnownFileType = file.storyboard; name = Base; path = Base.lproj/Main.storyboard; sourceTree = "<group>"; };
		27B64F3E2162BA5C00B93D8D /* Assets.xcassets */ = {isa = PBXFileReference; lastKnownFileType = folder.assetcatalog; path = Assets.xcassets; sourceTree = "<group>"; };
		27B64F412162BA5C00B93D8D /* Base */ = {isa = PBXFileReference; lastKnownFileType = file.storyboard; name = Base; path = Base.lproj/LaunchScreen.storyboard; sourceTree = "<group>"; };
		27B64F432162BA5C00B93D8D /* Info.plist */ = {isa = PBXFileReference; lastKnownFileType = text.plist.xml; path = Info.plist; sourceTree = "<group>"; };
/* End PBXFileReference section */

/* Begin PBXFrameworksBuildPhase section */
		27B64F312162BA5A00B93D8D /* Frameworks */ = {
			isa = PBXFrameworksBuildPhase;
			buildActionMask = 2147483647;
			files = (
			);
			runOnlyForDeploymentPostprocessing = 0;
		};
/* End PBXFrameworksBuildPhase section */

/* Begin PBXGroup section */
		27B64F2B2162BA5A00B93D8D = {
			isa = PBXGroup;
			children = (
				27B64F362162BA5A00B93D8D /* Sprint1-Module1-Collection */,
				27B64F352162BA5A00B93D8D /* Products */,
			);
			sourceTree = "<group>";
		};
		27B64F352162BA5A00B93D8D /* Products */ = {
			isa = PBXGroup;
			children = (
				27B64F342162BA5A00B93D8D /* Sprint1-Module1-Collection.app */,
			);
			name = Products;
			sourceTree = "<group>";
		};
		27B64F362162BA5A00B93D8D /* Sprint1-Module1-Collection */ = {
			isa = PBXGroup;
			children = (
				27B64F372162BA5A00B93D8D /* AppDelegate.swift */,
				27B64F392162BA5B00B93D8D /* ViewController.swift */,
				27B64F3B2162BA5B00B93D8D /* Main.storyboard */,
				27B64F3E2162BA5C00B93D8D /* Assets.xcassets */,
				27B64F402162BA5C00B93D8D /* LaunchScreen.storyboard */,
				27B64F432162BA5C00B93D8D /* Info.plist */,
			);
			path = "Sprint1-Module1-Collection";
			sourceTree = "<group>";
		};
/* End PBXGroup section */

/* Begin PBXNativeTarget section */
		27B64F332162BA5A00B93D8D /* Sprint1-Module1-Collection */ = {
			isa = PBXNativeTarget;
			buildConfigurationList = 27B64F462162BA5C00B93D8D /* Build configuration list for PBXNativeTarget "Sprint1-Module1-Collection" */;
			buildPhases = (
				27B64F302162BA5A00B93D8D /* Sources */,
				27B64F312162BA5A00B93D8D /* Frameworks */,
				27B64F322162BA5A00B93D8D /* Resources */,
			);
			buildRules = (
			);
			dependencies = (
			);
			name = "Sprint1-Module1-Collection";
			productName = "Sprint1-Module1-Collection";
			productReference = 27B64F342162BA5A00B93D8D /* Sprint1-Module1-Collection.app */;
			productType = "com.apple.product-type.application";
		};
/* End PBXNativeTarget section */

/* Begin PBXProject section */
		27B64F2C2162BA5A00B93D8D /* Project object */ = {
			isa = PBXProject;
			attributes = {
				LastSwiftUpdateCheck = 1000;
				LastUpgradeCheck = 1000;
				ORGANIZATIONNAME = "Vijay Das";
				TargetAttributes = {
					27B64F332162BA5A00B93D8D = {
						CreatedOnToolsVersion = 10.0;
					};
				};
			};
			buildConfigurationList = 27B64F2F2162BA5A00B93D8D /* Build configuration list for PBXProject "Sprint1-Module1-Collection" */;
			compatibilityVersion = "Xcode 9.3";
			developmentRegion = en;
			hasScannedForEncodings = 0;
			knownRegions = (
				en,
				Base,
			);
			mainGroup = 27B64F2B2162BA5A00B93D8D;
			productRefGroup = 27B64F352162BA5A00B93D8D /* Products */;
			projectDirPath = "";
			projectRoot = "";
			targets = (
				27B64F332162BA5A00B93D8D /* Sprint1-Module1-Collection */,
			);
		};
/* End PBXProject section */

/* Begin PBXResourcesBuildPhase section */
		27B64F322162BA5A00B93D8D /* Resources */ = {
			isa = PBXResourcesBuildPhase;
			buildActionMask = 2147483647;
			files = (
				27B64F422162BA5C00B93D8D /* LaunchScreen.storyboard in Resources */,
				27B64F3F2162BA5C00B93D8D /* Assets.xcassets in Resources */,
				27B64F3D2162BA5B00B93D8D /* Main.storyboard in Resources */,
			);
			runOnlyForDeploymentPostprocessing = 0;
		};
/* End PBXResourcesBuildPhase section */

/* Begin PBXSourcesBuildPhase section */
		27B64F302162BA5A00B93D8D /* Sources */ = {
			isa = PBXSourcesBuildPhase;
			buildActionMask = 2147483647;
			files = (
				27B64F3A2162BA5B00B93D8D /* ViewController.swift in Sources */,
				27B64F382162BA5A00B93D8D /* AppDelegate.swift in Sources */,
			);
			runOnlyForDeploymentPostprocessing = 0;
		};
/* End PBXSourcesBuildPhase section */

/* Begin PBXVariantGroup section */
		27B64F3B2162BA5B00B93D8D /* Main.storyboard */ = {
			isa = PBXVariantGroup;
			children = (
				27B64F3C2162BA5B00B93D8D /* Base */,
			);
			name = Main.storyboard;
			sourceTree = "<group>";
		};
		27B64F402162BA5C00B93D8D /* LaunchScreen.storyboard */ = {
			isa = PBXVariantGroup;
			children = (
				27B64F412162BA5C00B93D8D /* Base */,
			);
			name = LaunchScreen.storyboard;
			sourceTree = "<group>";
		};
/* End PBXVariantGroup section */

/* Begin XCBuildConfiguration section */
		27B64F442162BA5C00B93D8D /* Debug */ = {
			isa = XCBuildConfiguration;
			buildSettings = {
				ALWAYS_SEARCH_USER_PATHS = NO;
				CLANG_ANALYZER_NONNULL = YES;
				CLANG_ANALYZER_NUMBER_OBJECT_CONVERSION = YES_AGGRESSIVE;
				CLANG_CXX_LANGUAGE_STANDARD = "gnu++14";
				CLANG_CXX_LIBRARY = "libc++";
				CLANG_ENABLE_MODULES = YES;
				CLANG_ENABLE_OBJC_ARC = YES;
				CLANG_ENABLE_OBJC_WEAK = YES;
				CLANG_WARN_BLOCK_CAPTURE_AUTORELEASING = YES;
				CLANG_WARN_BOOL_CONVERSION = YES;
				CLANG_WARN_COMMA = YES;
				CLANG_WARN_CONSTANT_CONVERSION = YES;
				CLANG_WARN_DEPRECATED_OBJC_IMPLEMENTATIONS = YES;
				CLANG_WARN_DIRECT_OBJC_ISA_USAGE = YES_ERROR;
				CLANG_WARN_DOCUMENTATION_COMMENTS = YES;
				CLANG_WARN_EMPTY_BODY = YES;
				CLANG_WARN_ENUM_CONVERSION = YES;
				CLANG_WARN_INFINITE_RECURSION = YES;
				CLANG_WARN_INT_CONVERSION = YES;
				CLANG_WARN_NON_LITERAL_NULL_CONVERSION = YES;
				CLANG_WARN_OBJC_IMPLICIT_RETAIN_SELF = YES;
				CLANG_WARN_OBJC_LITERAL_CONVERSION = YES;
				CLANG_WARN_OBJC_ROOT_CLASS = YES_ERROR;
				CLANG_WARN_RANGE_LOOP_ANALYSIS = YES;
				CLANG_WARN_STRICT_PROTOTYPES = YES;
				CLANG_WARN_SUSPICIOUS_MOVE = YES;
				CLANG_WARN_UNGUARDED_AVAILABILITY = YES_AGGRESSIVE;
				CLANG_WARN_UNREACHABLE_CODE = YES;
				CLANG_WARN__DUPLICATE_METHOD_MATCH = YES;
				CODE_SIGN_IDENTITY = "iPhone Developer";
				COPY_PHASE_STRIP = NO;
				DEBUG_INFORMATION_FORMAT = dwarf;
				ENABLE_STRICT_OBJC_MSGSEND = YES;
				ENABLE_TESTABILITY = YES;
				GCC_C_LANGUAGE_STANDARD = gnu11;
				GCC_DYNAMIC_NO_PIC = NO;
				GCC_NO_COMMON_BLOCKS = YES;
				GCC_OPTIMIZATION_LEVEL = 0;
				GCC_PREPROCESSOR_DEFINITIONS = (
					"DEBUG=1",
					"$(inherited)",
				);
				GCC_WARN_64_TO_32_BIT_CONVERSION = YES;
				GCC_WARN_ABOUT_RETURN_TYPE = YES_ERROR;
				GCC_WARN_UNDECLARED_SELECTOR = YES;
				GCC_WARN_UNINITIALIZED_AUTOS = YES_AGGRESSIVE;
				GCC_WARN_UNUSED_FUNCTION = YES;
				GCC_WARN_UNUSED_VARIABLE = YES;
				IPHONEOS_DEPLOYMENT_TARGET = 12.0;
				MTL_ENABLE_DEBUG_INFO = INCLUDE_SOURCE;
				MTL_FAST_MATH = YES;
				ONLY_ACTIVE_ARCH = YES;
				SDKROOT = iphoneos;
				SWIFT_ACTIVE_COMPILATION_CONDITIONS = DEBUG;
				SWIFT_OPTIMIZATION_LEVEL = "-Onone";
			};
			name = Debug;
		};
		27B64F452162BA5C00B93D8D /* Release */ = {
			isa = XCBuildConfiguration;
			buildSettings = {
				ALWAYS_SEARCH_USER_PATHS = NO;
				CLANG_ANALYZER_NONNULL = YES;
				CLANG_ANALYZER_NUMBER_OBJECT_CONVERSION = YES_AGGRESSIVE;
				CLANG_CXX_LANGUAGE_STANDARD = "gnu++14";
				CLANG_CXX_LIBRARY = "libc++";
				CLANG_ENABLE_MODULES = YES;
				CLANG_ENABLE_OBJC_ARC = YES;
				CLANG_ENABLE_OBJC_WEAK = YES;
				CLANG_WARN_BLOCK_CAPTURE_AUTORELEASING = YES;
				CLANG_WARN_BOOL_CONVERSION = YES;
				CLANG_WARN_COMMA = YES;
				CLANG_WARN_CONSTANT_CONVERSION = YES;
				CLANG_WARN_DEPRECATED_OBJC_IMPLEMENTATIONS = YES;
				CLANG_WARN_DIRECT_OBJC_ISA_USAGE = YES_ERROR;
				CLANG_WARN_DOCUMENTATION_COMMENTS = YES;
				CLANG_WARN_EMPTY_BODY = YES;
				CLANG_WARN_ENUM_CONVERSION = YES;
				CLANG_WARN_INFINITE_RECURSION = YES;
				CLANG_WARN_INT_CONVERSION = YES;
				CLANG_WARN_NON_LITERAL_NULL_CONVERSION = YES;
				CLANG_WARN_OBJC_IMPLICIT_RETAIN_SELF = YES;
				CLANG_WARN_OBJC_LITERAL_CONVERSION = YES;
				CLANG_WARN_OBJC_ROOT_CLASS = YES_ERROR;
				CLANG_WARN_RANGE_LOOP_ANALYSIS = YES;
				CLANG_WARN_STRICT_PROTOTYPES = YES;
				CLANG_WARN_SUSPICIOUS_MOVE = YES;
				CLANG_WARN_UNGUARDED_AVAILABILITY = YES_AGGRESSIVE;
				CLANG_WARN_UNREACHABLE_CODE = YES;
				CLANG_WARN__DUPLICATE_METHOD_MATCH = YES;
				CODE_SIGN_IDENTITY = "iPhone Developer";
				COPY_PHASE_STRIP = NO;
				DEBUG_INFORMATION_FORMAT = "dwarf-with-dsym";
				ENABLE_NS_ASSERTIONS = NO;
				ENABLE_STRICT_OBJC_MSGSEND = YES;
				GCC_C_LANGUAGE_STANDARD = gnu11;
				GCC_NO_COMMON_BLOCKS = YES;
				GCC_WARN_64_TO_32_BIT_CONVERSION = YES;
				GCC_WARN_ABOUT_RETURN_TYPE = YES_ERROR;
				GCC_WARN_UNDECLARED_SELECTOR = YES;
				GCC_WARN_UNINITIALIZED_AUTOS = YES_AGGRESSIVE;
				GCC_WARN_UNUSED_FUNCTION = YES;
				GCC_WARN_UNUSED_VARIABLE = YES;
				IPHONEOS_DEPLOYMENT_TARGET = 12.0;
				MTL_ENABLE_DEBUG_INFO = NO;
				MTL_FAST_MATH = YES;
				SDKROOT = iphoneos;
				SWIFT_COMPILATION_MODE = wholemodule;
				SWIFT_OPTIMIZATION_LEVEL = "-O";
				VALIDATE_PRODUCT = YES;
			};
			name = Release;
		};
		27B64F472162BA5C00B93D8D /* Debug */ = {
			isa = XCBuildConfiguration;
			buildSettings = {
				ASSETCATALOG_COMPILER_APPICON_NAME = AppIcon;
				CODE_SIGN_STYLE = Automatic;
				DEVELOPMENT_TEAM = F29U3VL727;
				INFOPLIST_FILE = "Sprint1-Module1-Collection/Info.plist";
				LD_RUNPATH_SEARCH_PATHS = (
					"$(inherited)",
					"@executable_path/Frameworks",
				);
				PRODUCT_BUNDLE_IDENTIFIER = "vijaydas.Sprint1-Module1-Collection";
				PRODUCT_NAME = "$(TARGET_NAME)";
				SWIFT_VERSION = 4.2;
				TARGETED_DEVICE_FAMILY = "1,2";
			};
			name = Debug;
		};
		27B64F482162BA5C00B93D8D /* Release */ = {
			isa = XCBuildConfiguration;
			buildSettings = {
				ASSETCATALOG_COMPILER_APPICON_NAME = AppIcon;
				CODE_SIGN_STYLE = Automatic;
				DEVELOPMENT_TEAM = F29U3VL727;
				INFOPLIST_FILE = "Sprint1-Module1-Collection/Info.plist";
				LD_RUNPATH_SEARCH_PATHS = (
					"$(inherited)",
					"@executable_path/Frameworks",
				);
				PRODUCT_BUNDLE_IDENTIFIER = "vijaydas.Sprint1-Module1-Collection";
				PRODUCT_NAME = "$(TARGET_NAME)";
				SWIFT_VERSION = 4.2;
				TARGETED_DEVICE_FAMILY = "1,2";
			};
			name = Release;
		};
/* End XCBuildConfiguration section */

/* Begin XCConfigurationList section */
		27B64F2F2162BA5A00B93D8D /* Build configuration list for PBXProject "Sprint1-Module1-Collection" */ = {
			isa = XCConfigurationList;
			buildConfigurations = (
				27B64F442162BA5C00B93D8D /* Debug */,
				27B64F452162BA5C00B93D8D /* Release */,
			);
			defaultConfigurationIsVisible = 0;
			defaultConfigurationName = Release;
		};
		27B64F462162BA5C00B93D8D /* Build configuration list for PBXNativeTarget "Sprint1-Module1-Collection" */ = {
			isa = XCConfigurationList;
			buildConfigurations = (
				27B64F472162BA5C00B93D8D /* Debug */,
				27B64F482162BA5C00B93D8D /* Release */,
			);
			defaultConfigurationIsVisible = 0;
			defaultConfigurationName = Release;
		};
/* End XCConfigurationList section */
	};
	rootObject = 27B64F2C2162BA5A00B93D8D /* Project object */;
}
